
Microsoft Visual Studio Solution File, Format Version 12.00
# Visual Studio Version 16
VisualStudioVersion = 16.0.30204.135
MinimumVisualStudioVersion = 10.0.40219.1
Project("{FAE04EC0-301F-11D3-BF4B-00C04F79EFBC}") = "VBulletinThreadWriterGUI", "VBulletinThreadWriterGUI\VBulletinThreadWriterGUI.csproj", "{74EF31D5-EE96-4A2A-B986-BCD833F70C3A}"
EndProject
Global
	GlobalSection(SolutionConfigurationPlatforms) = preSolution
		Debug|Any CPU = Debug|Any CPU
		Debug|x86 = Debug|x86
		Release|Any CPU = Release|Any CPU
		Release|x86 = Release|x86
	EndGlobalSection
	GlobalSection(ProjectConfigurationPlatforms) = postSolution
		{74EF31D5-EE96-4A2A-B986-BCD833F70C3A}.Debug|Any CPU.ActiveCfg = Debug|Any CPU
		{74EF31D5-EE96-4A2A-B986-BCD833F70C3A}.Debug|Any CPU.Build.0 = Debug|Any CPU
		{74EF31D5-EE96-4A2A-B986-BCD833F70C3A}.Debug|x86.ActiveCfg = Debug|Any CPU
		{74EF31D5-EE96-4A2A-B986-BCD833F70C3A}.Debug|x86.Build.0 = Debug|Any CPU
		{74EF31D5-EE96-4A2A-B986-BCD833F70C3A}.Release|Any CPU.ActiveCfg = Release|Any CPU
		{74EF31D5-EE96-4A2A-B986-BCD833F70C3A}.Release|Any CPU.Build.0 = Release|Any CPU
		{74EF31D5-EE96-4A2A-B986-BCD833F70C3A}.Release|x86.ActiveCfg = Release|x86
		{74EF31D5-EE96-4A2A-B986-BCD833F70C3A}.Release|x86.Build.0 = Release|x86
	EndGlobalSection
	GlobalSection(SolutionProperties) = preSolution
		HideSolutionNode = FALSE
	EndGlobalSection
	GlobalSection(ExtensibilityGlobals) = postSolution
		SolutionGuid = {0B8A363B-7731-4FA8-A624-9D6207617200}
	EndGlobalSection
EndGlobal
